github.com/dgravesa/dbcommon v0.3.0 h1:6j7cUh5QvG9rKeZjlUKcDikqO6CYLlgwBazTG5OyPhY=
github.com/dgravesa/dbcommon v0.3.0/go.mod h1:GamghGi5G8OoZq/RjHs648Nw2/QRpDiWa6WzdIqh9H4=
gopkg.in/check.v1 v0.0.0-20161208181325-20d25e280405/go.mod h1:Co6ibVJAznAaIkqp8huTwlJQCZ016jof/cbN4VW5Yz0=
gopkg.in/yaml.v2 v2.2.4 h1:/eiJrUcujPVeJ3xlSWaiNi3uSVmDGBK1pDHUHAnao1I=
gopkg.in/yaml.v2 v2.2.4/go.mod h1:hI93XBmqTisBFMUTm0b8Fm+jr3Dg1NNxqwp+5A1VGuI=
